
Microsoft Visual Studio Solution File, Format Version 11.00
# Visual Studio 2010
Project("{FAE04EC0-301F-11D3-BF4B-00C04F79EFBC}") = "BioLogger", "BioLogger\BioLogger.csproj", "{76954B17-559D-49BB-9CBF-E23FDF2AEF7C}"
EndProject
Global
	GlobalSection(SolutionConfigurationPlatforms) = preSolution
		Debug|x86 = Debug|x86
		Release|x86 = Release|x86
	EndGlobalSection
	GlobalSection(ProjectConfigurationPlatforms) = postSolution
		{76954B17-559D-49BB-9CBF-E23FDF2AEF7C}.Debug|x86.ActiveCfg = Debug|x86
		{76954B17-559D-49BB-9CBF-E23FDF2AEF7C}.Debug|x86.Build.0 = Debug|x86
		{76954B17-559D-49BB-9CBF-E23FDF2AEF7C}.Release|x86.ActiveCfg = Release|x86
		{76954B17-559D-49BB-9CBF-E23FDF2AEF7C}.Release|x86.Build.0 = Release|x86
	EndGlobalSection
	GlobalSection(SolutionProperties) = preSolution
		HideSolutionNode = FALSE
	EndGlobalSection
EndGlobal
